
Microsoft Visual Studio Solution File, Format Version 12.00
# Visual Studio Version 17
VisualStudioVersion = 17.14.36603.0 d17.14
MinimumVisualStudioVersion = 10.0.40219.1
Project("{FAE04EC0-301F-11D3-BF4B-00C04F79EFBC}") = "Game", "Game\Game.csproj", "{6E80F3F8-AC07-4973-A7E6-BC1AE2AF8723}"
EndProject
Project("{FAE04EC0-301F-11D3-BF4B-00C04F79EFBC}") = "GameTests", "GameTests\GameTests.csproj", "{8D6E87B9-C053-475F-8727-E7E06CC6CFB6}"
EndProject
Global
	GlobalSection(SolutionConfigurationPlatforms) = preSolution
		Debug|Any CPU = Debug|Any CPU
		Release|Any CPU = Release|Any CPU
	EndGlobalSection
	GlobalSection(ProjectConfigurationPlatforms) = postSolution
		{6E80F3F8-AC07-4973-A7E6-BC1AE2AF8723}.Debug|Any CPU.ActiveCfg = Debug|Any CPU
		{6E80F3F8-AC07-4973-A7E6-BC1AE2AF8723}.Debug|Any CPU.Build.0 = Debug|Any CPU
		{6E80F3F8-AC07-4973-A7E6-BC1AE2AF8723}.Release|Any CPU.ActiveCfg = Release|Any CPU
		{6E80F3F8-AC07-4973-A7E6-BC1AE2AF8723}.Release|Any CPU.Build.0 = Release|Any CPU
		{8D6E87B9-C053-475F-8727-E7E06CC6CFB6}.Debug|Any CPU.ActiveCfg = Debug|Any CPU
		{8D6E87B9-C053-475F-8727-E7E06CC6CFB6}.Debug|Any CPU.Build.0 = Debug|Any CPU
		{8D6E87B9-C053-475F-8727-E7E06CC6CFB6}.Release|Any CPU.ActiveCfg = Release|Any CPU
		{8D6E87B9-C053-475F-8727-E7E06CC6CFB6}.Release|Any CPU.Build.0 = Release|Any CPU
	EndGlobalSection
	GlobalSection(SolutionProperties) = preSolution
		HideSolutionNode = FALSE
	EndGlobalSection
	GlobalSection(ExtensibilityGlobals) = postSolution
		SolutionGuid = {176B0A73-06D7-4228-A1FA-E60A9066074A}
	EndGlobalSection
EndGlobal
