
Microsoft Visual Studio Solution File, Format Version 12.00
# Visual Studio Version 17
VisualStudioVersion = 17.0.31903.59
MinimumVisualStudioVersion = 10.0.40219.1
Project("{FAE04EC0-301F-11D3-BF4B-00C04F79EFBC}") = "MyLinq", "MyLinq\MyLinq.csproj", "{30E2017B-003F-480D-A62F-BCE9AE4F8E3E}"
EndProject
Project("{FAE04EC0-301F-11D3-BF4B-00C04F79EFBC}") = "MyLinq.Test", "MyLinq.Test\MyLinq.Test.csproj", "{AB3F4FD9-7845-4035-8136-C1FE1BA1DE34}"
EndProject
Global
	GlobalSection(SolutionConfigurationPlatforms) = preSolution
		Debug|Any CPU = Debug|Any CPU
		Release|Any CPU = Release|Any CPU
	EndGlobalSection
	GlobalSection(SolutionProperties) = preSolution
		HideSolutionNode = FALSE
	EndGlobalSection
	GlobalSection(ProjectConfigurationPlatforms) = postSolution
		{30E2017B-003F-480D-A62F-BCE9AE4F8E3E}.Debug|Any CPU.ActiveCfg = Debug|Any CPU
		{30E2017B-003F-480D-A62F-BCE9AE4F8E3E}.Debug|Any CPU.Build.0 = Debug|Any CPU
		{30E2017B-003F-480D-A62F-BCE9AE4F8E3E}.Release|Any CPU.ActiveCfg = Release|Any CPU
		{30E2017B-003F-480D-A62F-BCE9AE4F8E3E}.Release|Any CPU.Build.0 = Release|Any CPU
		{AB3F4FD9-7845-4035-8136-C1FE1BA1DE34}.Debug|Any CPU.ActiveCfg = Debug|Any CPU
		{AB3F4FD9-7845-4035-8136-C1FE1BA1DE34}.Debug|Any CPU.Build.0 = Debug|Any CPU
		{AB3F4FD9-7845-4035-8136-C1FE1BA1DE34}.Release|Any CPU.ActiveCfg = Release|Any CPU
		{AB3F4FD9-7845-4035-8136-C1FE1BA1DE34}.Release|Any CPU.Build.0 = Release|Any CPU
	EndGlobalSection
EndGlobal
